
Microsoft Visual Studio Solution File, Format Version 12.00
# Visual Studio 15
VisualStudioVersion = 15.0.28307.136
MinimumVisualStudioVersion = 10.0.40219.1
Project("{9A19103F-16F7-4668-BE54-9A1E7A4F7556}") = "PersonalizerExample", "PersonalizerExample.csproj", "{596D553B-D2BB-4C0D-B131-85E43B7FB533}"
EndProject
Global
	GlobalSection(SolutionConfigurationPlatforms) = preSolution
		Debug|Any CPU = Debug|Any CPU
		Release|Any CPU = Release|Any CPU
	EndGlobalSection
	GlobalSection(ProjectConfigurationPlatforms) = postSolution
		{596D553B-D2BB-4C0D-B131-85E43B7FB533}.Debug|Any CPU.ActiveCfg = Debug|Any CPU
		{596D553B-D2BB-4C0D-B131-85E43B7FB533}.Debug|Any CPU.Build.0 = Debug|Any CPU
		{596D553B-D2BB-4C0D-B131-85E43B7FB533}.Release|Any CPU.ActiveCfg = Release|Any CPU
		{596D553B-D2BB-4C0D-B131-85E43B7FB533}.Release|Any CPU.Build.0 = Release|Any CPU
	EndGlobalSection
	GlobalSection(SolutionProperties) = preSolution
		HideSolutionNode = FALSE
	EndGlobalSection
	GlobalSection(ExtensibilityGlobals) = postSolution
		SolutionGuid = {D38A2B35-E479-4258-A970-2235FAC0B078}
	EndGlobalSection
EndGlobal
